// !$*UTF8*$!
{
	archiveVersion = 1;
	classes = {
	};
	objectVersion = 46;
	objects = {

/* Begin PBXBuildFile section */
		988C28581E80BE15E419DB24 /* Pods_BeautyFinder.framework in Frameworks */ = {isa = PBXBuildFile; fileRef = 5AAB1F9EA93F5AB77DFC2642 /* Pods_BeautyFinder.framework */; };
		9F27BAAB1B99B93600F5DF6A /* CategoriesViewController.swift in Sources */ = {isa = PBXBuildFile; fileRef = 9F27BAAA1B99B93600F5DF6A /* CategoriesViewController.swift */; };
		9F27BAAD1B99BBFA00F5DF6A /* CategoriesHeaderCollectionReusableView.swift in Sources */ = {isa = PBXBuildFile; fileRef = 9F27BAAC1B99BBFA00F5DF6A /* CategoriesHeaderCollectionReusableView.swift */; };
		9F27BAAF1B9AB13900F5DF6A /* CategoriesCollectionViewCell.swift in Sources */ = {isa = PBXBuildFile; fileRef = 9F27BAAE1B9AB13900F5DF6A /* CategoriesCollectionViewCell.swift */; };
		9F28F2E61BAC85BE007F1396 /* ADVSegmentedControl.swift in Sources */ = {isa = PBXBuildFile; fileRef = 9F28F2E51BAC85BE007F1396 /* ADVSegmentedControl.swift */; };
		9F28F2E81BAC8EFF007F1396 /* AreaSearchViewController.swift in Sources */ = {isa = PBXBuildFile; fileRef = 9F28F2E71BAC8EFF007F1396 /* AreaSearchViewController.swift */; };
		9F28F2EA1BAC95F4007F1396 /* SalonSearchViewController.swift in Sources */ = {isa = PBXBuildFile; fileRef = 9F28F2E91BAC95F4007F1396 /* SalonSearchViewController.swift */; };
		9F3354971BCC3AC500FA1A21 /* LogInViewController.swift in Sources */ = {isa = PBXBuildFile; fileRef = 9F3354961BCC3AC500FA1A21 /* LogInViewController.swift */; };
		9F33549D1BCC54F100FA1A21 /* SignUpViewController.swift in Sources */ = {isa = PBXBuildFile; fileRef = 9F33549C1BCC54F100FA1A21 /* SignUpViewController.swift */; };
		9F3354A01BCD46DB00FA1A21 /* SalonViewController.swift in Sources */ = {isa = PBXBuildFile; fileRef = 9F33549F1BCD46DB00FA1A21 /* SalonViewController.swift */; };
		9F3354A21BCD4A5E00FA1A21 /* SalonServicesTableViewCell.swift in Sources */ = {isa = PBXBuildFile; fileRef = 9F3354A11BCD4A5E00FA1A21 /* SalonServicesTableViewCell.swift */; };
		9F3973851BF68F90006C3748 /* SummaryViewController.swift in Sources */ = {isa = PBXBuildFile; fileRef = 9F3973841BF68F90006C3748 /* SummaryViewController.swift */; };
		9F632C961BBDC81C00AF2732 /* SwiftyJSON.swift in Sources */ = {isa = PBXBuildFile; fileRef = 9F632C951BBDC81C00AF2732 /* SwiftyJSON.swift */; };
		9F632C981BBDD24F00AF2732 /* UIImageView+URL.swift in Sources */ = {isa = PBXBuildFile; fileRef = 9F632C971BBDD24F00AF2732 /* UIImageView+URL.swift */; };
		9F6561401C3F968900FBEE2F /* BeautyFinderUITests.swift in Sources */ = {isa = PBXBuildFile; fileRef = 9F65613F1C3F968900FBEE2F /* BeautyFinderUITests.swift */; };
		9F6561491C44E24E00FBEE2F /* ProfileViewController.swift in Sources */ = {isa = PBXBuildFile; fileRef = 9F6561481C44E24E00FBEE2F /* ProfileViewController.swift */; };
		9F65614D1C46660900FBEE2F /* TabBarController.swift in Sources */ = {isa = PBXBuildFile; fileRef = 9F65614C1C46660900FBEE2F /* TabBarController.swift */; };
		9F67FF351BBDE4AE00C47C45 /* SubcategoriesViewController.swift in Sources */ = {isa = PBXBuildFile; fileRef = 9F67FF341BBDE4AE00C47C45 /* SubcategoriesViewController.swift */; };
		9F6C3B4E1BE2A28A0039F742 /* SalonServicesContainerViewController.swift in Sources */ = {isa = PBXBuildFile; fileRef = 9F6C3B4D1BE2A28A0039F742 /* SalonServicesContainerViewController.swift */; };
		9F6C3B501BE2AC1B0039F742 /* SalonBeauticiansContainerViewController.swift in Sources */ = {isa = PBXBuildFile; fileRef = 9F6C3B4F1BE2AC1B0039F742 /* SalonBeauticiansContainerViewController.swift */; };
		9F6C3B521BEC32ED0039F742 /* CalendarViewController.swift in Sources */ = {isa = PBXBuildFile; fileRef = 9F6C3B511BEC32ED0039F742 /* CalendarViewController.swift */; };
		9F6C3B541BECE8FD0039F742 /* SalonScheduleTableViewCell.swift in Sources */ = {isa = PBXBuildFile; fileRef = 9F6C3B531BECE8FD0039F742 /* SalonScheduleTableViewCell.swift */; };
		9F6C3B561BECEEF60039F742 /* SalonScheduleViewController.swift in Sources */ = {isa = PBXBuildFile; fileRef = 9F6C3B551BECEEF60039F742 /* SalonScheduleViewController.swift */; };
		9F6CD0511BAC6C8700A0197D /* SearchViewController.swift in Sources */ = {isa = PBXBuildFile; fileRef = 9F6CD0501BAC6C8700A0197D /* SearchViewController.swift */; };
		9F6CD0531BAC759F00A0197D /* SearchTextField.swift in Sources */ = {isa = PBXBuildFile; fileRef = 9F6CD0521BAC759F00A0197D /* SearchTextField.swift */; };
		9F9B99021BD12C0F00A78B4D /* SubcategoriesAnimationController.swift in Sources */ = {isa = PBXBuildFile; fileRef = 9F9B99011BD12C0F00A78B4D /* SubcategoriesAnimationController.swift */; };
		9F9B990A1BD12CB600A78B4D /* SalonViewAnimator.swift in Sources */ = {isa = PBXBuildFile; fileRef = 9F9B99091BD12CB600A78B4D /* SalonViewAnimator.swift */; };
		9FFF96BC1C1092EF004B8F48 /* DateAndTimeConverter.swift in Sources */ = {isa = PBXBuildFile; fileRef = 9FFF96BB1C1092EF004B8F48 /* DateAndTimeConverter.swift */; };
		9FFF96D31C174ECC004B8F48 /* CategorySearchViewController.swift in Sources */ = {isa = PBXBuildFile; fileRef = 9FFF96D21C174ECC004B8F48 /* CategorySearchViewController.swift */; };
		CAA008CA1B8C1B160094F10E /* AppDelegate.swift in Sources */ = {isa = PBXBuildFile; fileRef = CAA008C91B8C1B160094F10E /* AppDelegate.swift */; };
		CAA008CF1B8C1B160094F10E /* Main.storyboard in Resources */ = {isa = PBXBuildFile; fileRef = CAA008CD1B8C1B160094F10E /* Main.storyboard */; };
		CAA008D11B8C1B160094F10E /* Images.xcassets in Resources */ = {isa = PBXBuildFile; fileRef = CAA008D01B8C1B160094F10E /* Images.xcassets */; };
		CAA008E01B8C1B160094F10E /* BeautyFinderTests.swift in Sources */ = {isa = PBXBuildFile; fileRef = CAA008DF1B8C1B160094F10E /* BeautyFinderTests.swift */; };
		CAA008F41B8C1CB90094F10E /* MuseoSans_500_Italic.otf in Resources */ = {isa = PBXBuildFile; fileRef = CAA008EA1B8C1CB90094F10E /* MuseoSans_500_Italic.otf */; };
		CAA008F51B8C1CB90094F10E /* MuseoSans_500.otf in Resources */ = {isa = PBXBuildFile; fileRef = CAA008EB1B8C1CB90094F10E /* MuseoSans_500.otf */; };
		CAA008F61B8C1CB90094F10E /* MuseoSans_700.otf in Resources */ = {isa = PBXBuildFile; fileRef = CAA008EC1B8C1CB90094F10E /* MuseoSans_700.otf */; };
		CAA008F71B8C1CB90094F10E /* MuseoSans_900.otf in Resources */ = {isa = PBXBuildFile; fileRef = CAA008ED1B8C1CB90094F10E /* MuseoSans_900.otf */; };
		CAA008F81B8C1CB90094F10E /* MuseoSans-100.otf in Resources */ = {isa = PBXBuildFile; fileRef = CAA008EE1B8C1CB90094F10E /* MuseoSans-100.otf */; };
		CAA008F91B8C1CB90094F10E /* MuseoSans-100Italic.otf in Resources */ = {isa = PBXBuildFile; fileRef = CAA008EF1B8C1CB90094F10E /* MuseoSans-100Italic.otf */; };
		CAA008FA1B8C1CB90094F10E /* MuseoSans-300.otf in Resources */ = {isa = PBXBuildFile; fileRef = CAA008F01B8C1CB90094F10E /* MuseoSans-300.otf */; };
		CAA008FB1B8C1CB90094F10E /* MuseoSans-300Italic.otf in Resources */ = {isa = PBXBuildFile; fileRef = CAA008F11B8C1CB90094F10E /* MuseoSans-300Italic.otf */; };
		CAA008FC1B8C1CB90094F10E /* MuseoSans-700Italic.otf in Resources */ = {isa = PBXBuildFile; fileRef = CAA008F21B8C1CB90094F10E /* MuseoSans-700Italic.otf */; };
		CAA008FD1B8C1CB90094F10E /* MuseoSans-900Italic.otf in Resources */ = {isa = PBXBuildFile; fileRef = CAA008F31B8C1CB90094F10E /* MuseoSans-900Italic.otf */; };
/* End PBXBuildFile section */

/* Begin PBXContainerItemProxy section */
		9F6561421C3F968900FBEE2F /* PBXContainerItemProxy */ = {
			isa = PBXContainerItemProxy;
			containerPortal = CAA008BC1B8C1B150094F10E /* Project object */;
			proxyType = 1;
			remoteGlobalIDString = CAA008C31B8C1B150094F10E;
			remoteInfo = BeautyFinder;
		};
		CAA008DA1B8C1B160094F10E /* PBXContainerItemProxy */ = {
			isa = PBXContainerItemProxy;
			containerPortal = CAA008BC1B8C1B150094F10E /* Project object */;
			proxyType = 1;
			remoteGlobalIDString = CAA008C31B8C1B150094F10E;
			remoteInfo = BeautyFinder;
		};
/* End PBXContainerItemProxy section */

/* Begin PBXCopyFilesBuildPhase section */
		9F3354B11BCE905100FA1A21 /* Copy Frameworks */ = {
			isa = PBXCopyFilesBuildPhase;
			buildActionMask = 2147483647;
			dstPath = "";
			dstSubfolderSpec = 10;
			files = (
			);
			name = "Copy Frameworks";
			runOnlyForDeploymentPostprocessing = 0;
		};
		9F632C941BBDC6CD00AF2732 /* Embed Frameworks */ = {
			isa = PBXCopyFilesBuildPhase;
			buildActionMask = 2147483647;
			dstPath = "";
			dstSubfolderSpec = 10;
			files = (
			);
			name = "Embed Frameworks";
			runOnlyForDeploymentPostprocessing = 0;
		};
/* End PBXCopyFilesBuildPhase section */

/* Begin PBXFileReference section */
		5AAB1F9EA93F5AB77DFC2642 /* Pods_BeautyFinder.framework */ = {isa = PBXFileReference; explicitFileType = wrapper.framework; includeInIndex = 0; path = Pods_BeautyFinder.framework; sourceTree = BUILT_PRODUCTS_DIR; };
		7E1C07455FAF7F95E27DC511 /* Pods-BeautyFinder.release.xcconfig */ = {isa = PBXFileReference; includeInIndex = 1; lastKnownFileType = text.xcconfig; name = "Pods-BeautyFinder.release.xcconfig"; path = "Pods/Target Support Files/Pods-BeautyFinder/Pods-BeautyFinder.release.xcconfig"; sourceTree = "<group>"; };
		9F27BAAA1B99B93600F5DF6A /* CategoriesViewController.swift */ = {isa = PBXFileReference; fileEncoding = 4; lastKnownFileType = sourcecode.swift; path = CategoriesViewController.swift; sourceTree = "<group>"; };
		9F27BAAC1B99BBFA00F5DF6A /* CategoriesHeaderCollectionReusableView.swift */ = {isa = PBXFileReference; fileEncoding = 4; lastKnownFileType = sourcecode.swift; path = CategoriesHeaderCollectionReusableView.swift; sourceTree = "<group>"; };
		9F27BAAE1B9AB13900F5DF6A /* CategoriesCollectionViewCell.swift */ = {isa = PBXFileReference; fileEncoding = 4; lastKnownFileType = sourcecode.swift; path = CategoriesCollectionViewCell.swift; sourceTree = "<group>"; };
		9F28F2E51BAC85BE007F1396 /* ADVSegmentedControl.swift */ = {isa = PBXFileReference; fileEncoding = 4; lastKnownFileType = sourcecode.swift; path = ADVSegmentedControl.swift; sourceTree = "<group>"; };
		9F28F2E71BAC8EFF007F1396 /* AreaSearchViewController.swift */ = {isa = PBXFileReference; fileEncoding = 4; lastKnownFileType = sourcecode.swift; path = AreaSearchViewController.swift; sourceTree = "<group>"; };
		9F28F2E91BAC95F4007F1396 /* SalonSearchViewController.swift */ = {isa = PBXFileReference; fileEncoding = 4; lastKnownFileType = sourcecode.swift; path = SalonSearchViewController.swift; sourceTree = "<group>"; };
		9F3354961BCC3AC500FA1A21 /* LogInViewController.swift */ = {isa = PBXFileReference; fileEncoding = 4; lastKnownFileType = sourcecode.swift; path = LogInViewController.swift; sourceTree = "<group>"; };
		9F33549C1BCC54F100FA1A21 /* SignUpViewController.swift */ = {isa = PBXFileReference; fileEncoding = 4; lastKnownFileType = sourcecode.swift; path = SignUpViewController.swift; sourceTree = "<group>"; };
		9F33549F1BCD46DB00FA1A21 /* SalonViewController.swift */ = {isa = PBXFileReference; fileEncoding = 4; lastKnownFileType = sourcecode.swift; path = SalonViewController.swift; sourceTree = "<group>"; };
		9F3354A11BCD4A5E00FA1A21 /* SalonServicesTableViewCell.swift */ = {isa = PBXFileReference; fileEncoding = 4; lastKnownFileType = sourcecode.swift; path = SalonServicesTableViewCell.swift; sourceTree = "<group>"; };
		9F3973841BF68F90006C3748 /* SummaryViewController.swift */ = {isa = PBXFileReference; fileEncoding = 4; lastKnownFileType = sourcecode.swift; path = SummaryViewController.swift; sourceTree = "<group>"; };
		9F632C951BBDC81C00AF2732 /* SwiftyJSON.swift */ = {isa = PBXFileReference; fileEncoding = 4; lastKnownFileType = sourcecode.swift; path = SwiftyJSON.swift; sourceTree = "<group>"; };
		9F632C971BBDD24F00AF2732 /* UIImageView+URL.swift */ = {isa = PBXFileReference; fileEncoding = 4; lastKnownFileType = sourcecode.swift; path = "UIImageView+URL.swift"; sourceTree = "<group>"; };
		9F65613D1C3F968900FBEE2F /* BeautyFinderUITests.xctest */ = {isa = PBXFileReference; explicitFileType = wrapper.cfbundle; includeInIndex = 0; path = BeautyFinderUITests.xctest; sourceTree = BUILT_PRODUCTS_DIR; };
		9F65613F1C3F968900FBEE2F /* BeautyFinderUITests.swift */ = {isa = PBXFileReference; lastKnownFileType = sourcecode.swift; path = BeautyFinderUITests.swift; sourceTree = "<group>"; };
		9F6561411C3F968900FBEE2F /* Info.plist */ = {isa = PBXFileReference; lastKnownFileType = text.plist.xml; path = Info.plist; sourceTree = "<group>"; };
		9F6561481C44E24E00FBEE2F /* ProfileViewController.swift */ = {isa = PBXFileReference; fileEncoding = 4; lastKnownFileType = sourcecode.swift; path = ProfileViewController.swift; sourceTree = "<group>"; };
		9F65614C1C46660900FBEE2F /* TabBarController.swift */ = {isa = PBXFileReference; fileEncoding = 4; lastKnownFileType = sourcecode.swift; path = TabBarController.swift; sourceTree = "<group>"; };
		9F67FF341BBDE4AE00C47C45 /* SubcategoriesViewController.swift */ = {isa = PBXFileReference; fileEncoding = 4; lastKnownFileType = sourcecode.swift; path = SubcategoriesViewController.swift; sourceTree = "<group>"; };
		9F6C3B4D1BE2A28A0039F742 /* SalonServicesContainerViewController.swift */ = {isa = PBXFileReference; fileEncoding = 4; lastKnownFileType = sourcecode.swift; path = SalonServicesContainerViewController.swift; sourceTree = "<group>"; };
		9F6C3B4F1BE2AC1B0039F742 /* SalonBeauticiansContainerViewController.swift */ = {isa = PBXFileReference; fileEncoding = 4; lastKnownFileType = sourcecode.swift; path = SalonBeauticiansContainerViewController.swift; sourceTree = "<group>"; };
		9F6C3B511BEC32ED0039F742 /* CalendarViewController.swift */ = {isa = PBXFileReference; fileEncoding = 4; lastKnownFileType = sourcecode.swift; path = CalendarViewController.swift; sourceTree = "<group>"; };
		9F6C3B531BECE8FD0039F742 /* SalonScheduleTableViewCell.swift */ = {isa = PBXFileReference; fileEncoding = 4; lastKnownFileType = sourcecode.swift; path = SalonScheduleTableViewCell.swift; sourceTree = "<group>"; };
		9F6C3B551BECEEF60039F742 /* SalonScheduleViewController.swift */ = {isa = PBXFileReference; fileEncoding = 4; lastKnownFileType = sourcecode.swift; path = SalonScheduleViewController.swift; sourceTree = "<group>"; };
		9F6CD0501BAC6C8700A0197D /* SearchViewController.swift */ = {isa = PBXFileReference; fileEncoding = 4; lastKnownFileType = sourcecode.swift; path = SearchViewController.swift; sourceTree = "<group>"; };
		9F6CD0521BAC759F00A0197D /* SearchTextField.swift */ = {isa = PBXFileReference; fileEncoding = 4; lastKnownFileType = sourcecode.swift; path = SearchTextField.swift; sourceTree = "<group>"; };
		9F9B99011BD12C0F00A78B4D /* SubcategoriesAnimationController.swift */ = {isa = PBXFileReference; fileEncoding = 4; lastKnownFileType = sourcecode.swift; path = SubcategoriesAnimationController.swift; sourceTree = "<group>"; };
		9F9B99091BD12CB600A78B4D /* SalonViewAnimator.swift */ = {isa = PBXFileReference; fileEncoding = 4; lastKnownFileType = sourcecode.swift; path = SalonViewAnimator.swift; sourceTree = "<group>"; };
		9FFF96BB1C1092EF004B8F48 /* DateAndTimeConverter.swift */ = {isa = PBXFileReference; fileEncoding = 4; lastKnownFileType = sourcecode.swift; path = DateAndTimeConverter.swift; sourceTree = "<group>"; };
		9FFF96D21C174ECC004B8F48 /* CategorySearchViewController.swift */ = {isa = PBXFileReference; fileEncoding = 4; lastKnownFileType = sourcecode.swift; path = CategorySearchViewController.swift; sourceTree = "<group>"; };
		CAA008C41B8C1B150094F10E /* BeautyFinder.app */ = {isa = PBXFileReference; explicitFileType = wrapper.application; includeInIndex = 0; path = BeautyFinder.app; sourceTree = BUILT_PRODUCTS_DIR; };
		CAA008C81B8C1B160094F10E /* Info.plist */ = {isa = PBXFileReference; lastKnownFileType = text.plist.xml; path = Info.plist; sourceTree = "<group>"; };
		CAA008C91B8C1B160094F10E /* AppDelegate.swift */ = {isa = PBXFileReference; lastKnownFileType = sourcecode.swift; path = AppDelegate.swift; sourceTree = "<group>"; };
		CAA008CE1B8C1B160094F10E /* Base */ = {isa = PBXFileReference; lastKnownFileType = file.storyboard; name = Base; path = Base.lproj/Main.storyboard; sourceTree = "<group>"; };
		CAA008D01B8C1B160094F10E /* Images.xcassets */ = {isa = PBXFileReference; lastKnownFileType = folder.assetcatalog; path = Images.xcassets; sourceTree = "<group>"; };
		CAA008D91B8C1B160094F10E /* BeautyFinderTests.xctest */ = {isa = PBXFileReference; explicitFileType = wrapper.cfbundle; includeInIndex = 0; path = BeautyFinderTests.xctest; sourceTree = BUILT_PRODUCTS_DIR; };
		CAA008DE1B8C1B160094F10E /* Info.plist */ = {isa = PBXFileReference; lastKnownFileType = text.plist.xml; path = Info.plist; sourceTree = "<group>"; };
		CAA008DF1B8C1B160094F10E /* BeautyFinderTests.swift */ = {isa = PBXFileReference; lastKnownFileType = sourcecode.swift; path = BeautyFinderTests.swift; sourceTree = "<group>"; };
		CAA008EA1B8C1CB90094F10E /* MuseoSans_500_Italic.otf */ = {isa = PBXFileReference; lastKnownFileType = file; path = MuseoSans_500_Italic.otf; sourceTree = "<group>"; };
		CAA008EB1B8C1CB90094F10E /* MuseoSans_500.otf */ = {isa = PBXFileReference; lastKnownFileType = file; path = MuseoSans_500.otf; sourceTree = "<group>"; };
		CAA008EC1B8C1CB90094F10E /* MuseoSans_700.otf */ = {isa = PBXFileReference; lastKnownFileType = file; path = MuseoSans_700.otf; sourceTree = "<group>"; };
		CAA008ED1B8C1CB90094F10E /* MuseoSans_900.otf */ = {isa = PBXFileReference; lastKnownFileType = file; path = MuseoSans_900.otf; sourceTree = "<group>"; };
		CAA008EE1B8C1CB90094F10E /* MuseoSans-100.otf */ = {isa = PBXFileReference; lastKnownFileType = file; path = "MuseoSans-100.otf"; sourceTree = "<group>"; };
		CAA008EF1B8C1CB90094F10E /* MuseoSans-100Italic.otf */ = {isa = PBXFileReference; lastKnownFileType = file; path = "MuseoSans-100Italic.otf"; sourceTree = "<group>"; };
		CAA008F01B8C1CB90094F10E /* MuseoSans-300.otf */ = {isa = PBXFileReference; lastKnownFileType = file; path = "MuseoSans-300.otf"; sourceTree = "<group>"; };
		CAA008F11B8C1CB90094F10E /* MuseoSans-300Italic.otf */ = {isa = PBXFileReference; lastKnownFileType = file; path = "MuseoSans-300Italic.otf"; sourceTree = "<group>"; };
		CAA008F21B8C1CB90094F10E /* MuseoSans-700Italic.otf */ = {isa = PBXFileReference; lastKnownFileType = file; path = "MuseoSans-700Italic.otf"; sourceTree = "<group>"; };
		CAA008F31B8C1CB90094F10E /* MuseoSans-900Italic.otf */ = {isa = PBXFileReference; lastKnownFileType = file; path = "MuseoSans-900Italic.otf"; sourceTree = "<group>"; };
		E9008E37EB0A90C44665CFCD /* Pods-BeautyFinder.debug.xcconfig */ = {isa = PBXFileReference; includeInIndex = 1; lastKnownFileType = text.xcconfig; name = "Pods-BeautyFinder.debug.xcconfig"; path = "Pods/Target Support Files/Pods-BeautyFinder/Pods-BeautyFinder.debug.xcconfig"; sourceTree = "<group>"; };
/* End PBXFileReference section */

/* Begin PBXFrameworksBuildPhase section */
		9F65613A1C3F968900FBEE2F /* Frameworks */ = {
			isa = PBXFrameworksBuildPhase;
			buildActionMask = 2147483647;
			files = (
			);
			runOnlyForDeploymentPostprocessing = 0;
		};
		CAA008C11B8C1B150094F10E /* Frameworks */ = {
			isa = PBXFrameworksBuildPhase;
			buildActionMask = 2147483647;
			files = (
				988C28581E80BE15E419DB24 /* Pods_BeautyFinder.framework in Frameworks */,
			);
			runOnlyForDeploymentPostprocessing = 0;
		};
		CAA008D61B8C1B160094F10E /* Frameworks */ = {
			isa = PBXFrameworksBuildPhase;
			buildActionMask = 2147483647;
			files = (
			);
			runOnlyForDeploymentPostprocessing = 0;
		};
/* End PBXFrameworksBuildPhase section */

/* Begin PBXGroup section */
		7E076CAEBB769C3E3EC90D4C /* Frameworks */ = {
			isa = PBXGroup;
			children = (
				5AAB1F9EA93F5AB77DFC2642 /* Pods_BeautyFinder.framework */,
			);
			name = Frameworks;
			sourceTree = "<group>";
		};
		9F33549E1BCD465F00FA1A21 /* Sign in / Sign up */ = {
			isa = PBXGroup;
			children = (
				9F3354961BCC3AC500FA1A21 /* LogInViewController.swift */,
				9F33549C1BCC54F100FA1A21 /* SignUpViewController.swift */,
			);
			name = "Sign in / Sign up";
			sourceTree = "<group>";
		};
		9F3973831BF68EAC006C3748 /* Schedule */ = {
			isa = PBXGroup;
			children = (
				9F6C3B511BEC32ED0039F742 /* CalendarViewController.swift */,
				9F6C3B551BECEEF60039F742 /* SalonScheduleViewController.swift */,
				9F6C3B531BECE8FD0039F742 /* SalonScheduleTableViewCell.swift */,
			);
			name = Schedule;
			sourceTree = "<group>";
		};
		9F65613E1C3F968900FBEE2F /* BeautyFinderUITests */ = {
			isa = PBXGroup;
			children = (
				9F65613F1C3F968900FBEE2F /* BeautyFinderUITests.swift */,
				9F6561411C3F968900FBEE2F /* Info.plist */,
			);
			path = BeautyFinderUITests;
			sourceTree = "<group>";
		};
		9F6561471C44E22D00FBEE2F /* Profile */ = {
			isa = PBXGroup;
			children = (
				9F6561481C44E24E00FBEE2F /* ProfileViewController.swift */,
			);
			name = Profile;
			sourceTree = "<group>";
		};
		9F67FF2F1BBDE49200C47C45 /* Subcategories */ = {
			isa = PBXGroup;
			children = (
				9F67FF341BBDE4AE00C47C45 /* SubcategoriesViewController.swift */,
				9F9B99011BD12C0F00A78B4D /* SubcategoriesAnimationController.swift */,
				9F9B99091BD12CB600A78B4D /* SalonViewAnimator.swift */,
			);
			name = Subcategories;
			sourceTree = "<group>";
		};
		9F6CD04E1BAC6C4600A0197D /* Home View */ = {
			isa = PBXGroup;
			children = (
				9F27BAAA1B99B93600F5DF6A /* CategoriesViewController.swift */,
				9F27BAAC1B99BBFA00F5DF6A /* CategoriesHeaderCollectionReusableView.swift */,
				9F27BAAE1B9AB13900F5DF6A /* CategoriesCollectionViewCell.swift */,
			);
			name = "Home View";
			sourceTree = "<group>";
		};
		9F6CD04F1BAC6C6500A0197D /* Search */ = {
			isa = PBXGroup;
			children = (
				9F6CD0501BAC6C8700A0197D /* SearchViewController.swift */,
				9F28F2E71BAC8EFF007F1396 /* AreaSearchViewController.swift */,
				9F28F2E91BAC95F4007F1396 /* SalonSearchViewController.swift */,
				9FFF96D21C174ECC004B8F48 /* CategorySearchViewController.swift */,
				9F6CD0521BAC759F00A0197D /* SearchTextField.swift */,
			);
			name = Search;
			sourceTree = "<group>";
		};
		9F9B990B1BD1907C00A78B4D /* Salon Views */ = {
			isa = PBXGroup;
			children = (
				9F33549F1BCD46DB00FA1A21 /* SalonViewController.swift */,
				9F9B990C1BD1908B00A78B4D /* Services */,
				9F9B990D1BD1909300A78B4D /* Beauticians */,
				9F3973831BF68EAC006C3748 /* Schedule */,
			);
			name = "Salon Views";
			sourceTree = "<group>";
		};
		9F9B990C1BD1908B00A78B4D /* Services */ = {
			isa = PBXGroup;
			children = (
				9F6C3B4D1BE2A28A0039F742 /* SalonServicesContainerViewController.swift */,
				9F3354A11BCD4A5E00FA1A21 /* SalonServicesTableViewCell.swift */,
			);
			name = Services;
			sourceTree = "<group>";
		};
		9F9B990D1BD1909300A78B4D /* Beauticians */ = {
			isa = PBXGroup;
			children = (
				9F6C3B4F1BE2AC1B0039F742 /* SalonBeauticiansContainerViewController.swift */,
			);
			name = Beauticians;
			sourceTree = "<group>";
		};
		9FFF96D01C174D24004B8F48 /* Summary View */ = {
			isa = PBXGroup;
			children = (
				9F3973841BF68F90006C3748 /* SummaryViewController.swift */,
			);
			name = "Summary View";
			sourceTree = "<group>";
		};
		9FFF96D11C174D4B004B8F48 /* Modal */ = {
			isa = PBXGroup;
			children = (
				9F28F2E51BAC85BE007F1396 /* ADVSegmentedControl.swift */,
				9F632C951BBDC81C00AF2732 /* SwiftyJSON.swift */,
				9F632C971BBDD24F00AF2732 /* UIImageView+URL.swift */,
				9FFF96BB1C1092EF004B8F48 /* DateAndTimeConverter.swift */,
			);
			name = Modal;
			sourceTree = "<group>";
		};
		CAA008BB1B8C1B150094F10E = {
			isa = PBXGroup;
			children = (
				CAA008C61B8C1B150094F10E /* BeautyFinder */,
				CAA008DC1B8C1B160094F10E /* BeautyFinderTests */,
				9F65613E1C3F968900FBEE2F /* BeautyFinderUITests */,
				CAA008C51B8C1B150094F10E /* Products */,
				CDFEEBF921285764B7860FA4 /* Pods */,
				7E076CAEBB769C3E3EC90D4C /* Frameworks */,
			);
			sourceTree = "<group>";
		};
		CAA008C51B8C1B150094F10E /* Products */ = {
			isa = PBXGroup;
			children = (
				CAA008C41B8C1B150094F10E /* BeautyFinder.app */,
				CAA008D91B8C1B160094F10E /* BeautyFinderTests.xctest */,
				9F65613D1C3F968900FBEE2F /* BeautyFinderUITests.xctest */,
			);
			name = Products;
			sourceTree = "<group>";
		};
		CAA008C61B8C1B150094F10E /* BeautyFinder */ = {
			isa = PBXGroup;
			children = (
				CAA008C91B8C1B160094F10E /* AppDelegate.swift */,
				9F65614C1C46660900FBEE2F /* TabBarController.swift */,
				9F6CD04E1BAC6C4600A0197D /* Home View */,
				9F67FF2F1BBDE49200C47C45 /* Subcategories */,
				9F9B990B1BD1907C00A78B4D /* Salon Views */,
				9FFF96D01C174D24004B8F48 /* Summary View */,
				9F6CD04F1BAC6C6500A0197D /* Search */,
				9F6561471C44E22D00FBEE2F /* Profile */,
				9F33549E1BCD465F00FA1A21 /* Sign in / Sign up */,
				9FFF96D11C174D4B004B8F48 /* Modal */,
				CAA008CD1B8C1B160094F10E /* Main.storyboard */,
				CAA008D01B8C1B160094F10E /* Images.xcassets */,
				CAA008C71B8C1B150094F10E /* Supporting Files */,
			);
			path = BeautyFinder;
			sourceTree = "<group>";
		};
		CAA008C71B8C1B150094F10E /* Supporting Files */ = {
			isa = PBXGroup;
			children = (
				CAA008E91B8C1C990094F10E /* Fonts */,
				CAA008C81B8C1B160094F10E /* Info.plist */,
			);
			name = "Supporting Files";
			sourceTree = "<group>";
		};
		CAA008DC1B8C1B160094F10E /* BeautyFinderTests */ = {
			isa = PBXGroup;
			children = (
				CAA008DF1B8C1B160094F10E /* BeautyFinderTests.swift */,
				CAA008DD1B8C1B160094F10E /* Supporting Files */,
			);
			path = BeautyFinderTests;
			sourceTree = "<group>";
		};
		CAA008DD1B8C1B160094F10E /* Supporting Files */ = {
			isa = PBXGroup;
			children = (
				CAA008DE1B8C1B160094F10E /* Info.plist */,
			);
			name = "Supporting Files";
			sourceTree = "<group>";
		};
		CAA008E91B8C1C990094F10E /* Fonts */ = {
			isa = PBXGroup;
			children = (
				CAA008EA1B8C1CB90094F10E /* MuseoSans_500_Italic.otf */,
				CAA008EB1B8C1CB90094F10E /* MuseoSans_500.otf */,
				CAA008EC1B8C1CB90094F10E /* MuseoSans_700.otf */,
				CAA008ED1B8C1CB90094F10E /* MuseoSans_900.otf */,
				CAA008EE1B8C1CB90094F10E /* MuseoSans-100.otf */,
				CAA008EF1B8C1CB90094F10E /* MuseoSans-100Italic.otf */,
				CAA008F01B8C1CB90094F10E /* MuseoSans-300.otf */,
				CAA008F11B8C1CB90094F10E /* MuseoSans-300Italic.otf */,
				CAA008F21B8C1CB90094F10E /* MuseoSans-700Italic.otf */,
				CAA008F31B8C1CB90094F10E /* MuseoSans-900Italic.otf */,
			);
			name = Fonts;
			sourceTree = "<group>";
		};
		CDFEEBF921285764B7860FA4 /* Pods */ = {
			isa = PBXGroup;
			children = (
				E9008E37EB0A90C44665CFCD /* Pods-BeautyFinder.debug.xcconfig */,
				7E1C07455FAF7F95E27DC511 /* Pods-BeautyFinder.release.xcconfig */,
			);
			name = Pods;
			sourceTree = "<group>";
		};
/* End PBXGroup section */

/* Begin PBXNativeTarget section */
		9F65613C1C3F968900FBEE2F /* BeautyFinderUITests */ = {
			isa = PBXNativeTarget;
			buildConfigurationList = 9F6561461C3F968900FBEE2F /* Build configuration list for PBXNativeTarget "BeautyFinderUITests" */;
			buildPhases = (
				9F6561391C3F968900FBEE2F /* Sources */,
				9F65613A1C3F968900FBEE2F /* Frameworks */,
				9F65613B1C3F968900FBEE2F /* Resources */,
			);
			buildRules = (
			);
			dependencies = (
				9F6561431C3F968900FBEE2F /* PBXTargetDependency */,
			);
			name = BeautyFinderUITests;
			productName = BeautyFinderUITests;
			productReference = 9F65613D1C3F968900FBEE2F /* BeautyFinderUITests.xctest */;
			productType = "com.apple.product-type.bundle.ui-testing";
		};
		CAA008C31B8C1B150094F10E /* BeautyFinder */ = {
			isa = PBXNativeTarget;
			buildConfigurationList = CAA008E31B8C1B160094F10E /* Build configuration list for PBXNativeTarget "BeautyFinder" */;
			buildPhases = (
				7CC4E913E004051A52A7B885 /* Check Pods Manifest.lock */,
				CAA008C01B8C1B150094F10E /* Sources */,
				CAA008C11B8C1B150094F10E /* Frameworks */,
				CAA008C21B8C1B150094F10E /* Resources */,
				9F632C941BBDC6CD00AF2732 /* Embed Frameworks */,
				9F3354B11BCE905100FA1A21 /* Copy Frameworks */,
				663317D4EB2AB838D0690DB4 /* Embed Pods Frameworks */,
				DD793E9D6E0E0338416B1E29 /* Copy Pods Resources */,
			);
			buildRules = (
			);
			dependencies = (
			);
			name = BeautyFinder;
			productName = BeautyFinder;
			productReference = CAA008C41B8C1B150094F10E /* BeautyFinder.app */;
			productType = "com.apple.product-type.application";
		};
		CAA008D81B8C1B160094F10E /* BeautyFinderTests */ = {
			isa = PBXNativeTarget;
			buildConfigurationList = CAA008E61B8C1B160094F10E /* Build configuration list for PBXNativeTarget "BeautyFinderTests" */;
			buildPhases = (
				CAA008D51B8C1B160094F10E /* Sources */,
				CAA008D61B8C1B160094F10E /* Frameworks */,
				CAA008D71B8C1B160094F10E /* Resources */,
			);
			buildRules = (
			);
			dependencies = (
				CAA008DB1B8C1B160094F10E /* PBXTargetDependency */,
			);
			name = BeautyFinderTests;
			productName = BeautyFinderTests;
			productReference = CAA008D91B8C1B160094F10E /* BeautyFinderTests.xctest */;
			productType = "com.apple.product-type.bundle.unit-test";
		};
/* End PBXNativeTarget section */

/* Begin PBXProject section */
		CAA008BC1B8C1B150094F10E /* Project object */ = {
			isa = PBXProject;
			attributes = {
				LastSwiftUpdateCheck = 0720;
				LastUpgradeCheck = 0700;
				ORGANIZATIONNAME = Baims;
				TargetAttributes = {
					9F65613C1C3F968900FBEE2F = {
						CreatedOnToolsVersion = 7.2;
						TestTargetID = CAA008C31B8C1B150094F10E;
					};
					CAA008C31B8C1B150094F10E = {
						CreatedOnToolsVersion = 6.3.2;
						DevelopmentTeam = XAT4WZ442G;
					};
					CAA008D81B8C1B160094F10E = {
						CreatedOnToolsVersion = 6.3.2;
						TestTargetID = CAA008C31B8C1B150094F10E;
					};
				};
			};
			buildConfigurationList = CAA008BF1B8C1B150094F10E /* Build configuration list for PBXProject "BeautyFinder" */;
			compatibilityVersion = "Xcode 3.2";
			developmentRegion = English;
			hasScannedForEncodings = 0;
			knownRegions = (
				en,
				Base,
			);
			mainGroup = CAA008BB1B8C1B150094F10E;
			productRefGroup = CAA008C51B8C1B150094F10E /* Products */;
			projectDirPath = "";
			projectRoot = "";
			targets = (
				CAA008C31B8C1B150094F10E /* BeautyFinder */,
				CAA008D81B8C1B160094F10E /* BeautyFinderTests */,
				9F65613C1C3F968900FBEE2F /* BeautyFinderUITests */,
			);
		};
/* End PBXProject section */

/* Begin PBXResourcesBuildPhase section */
		9F65613B1C3F968900FBEE2F /* Resources */ = {
			isa = PBXResourcesBuildPhase;
			buildActionMask = 2147483647;
			files = (
			);
			runOnlyForDeploymentPostprocessing = 0;
		};
		CAA008C21B8C1B150094F10E /* Resources */ = {
			isa = PBXResourcesBuildPhase;
			buildActionMask = 2147483647;
			files = (
				CAA008F61B8C1CB90094F10E /* MuseoSans_700.otf in Resources */,
				CAA008CF1B8C1B160094F10E /* Main.storyboard in Resources */,
				CAA008F51B8C1CB90094F10E /* MuseoSans_500.otf in Resources */,
				CAA008F71B8C1CB90094F10E /* MuseoSans_900.otf in Resources */,
				CAA008F81B8C1CB90094F10E /* MuseoSans-100.otf in Resources */,
				CAA008F91B8C1CB90094F10E /* MuseoSans-100Italic.otf in Resources */,
				CAA008FD1B8C1CB90094F10E /* MuseoSans-900Italic.otf in Resources */,
				CAA008F41B8C1CB90094F10E /* MuseoSans_500_Italic.otf in Resources */,
				CAA008FA1B8C1CB90094F10E /* MuseoSans-300.otf in Resources */,
				CAA008D11B8C1B160094F10E /* Images.xcassets in Resources */,
				CAA008FC1B8C1CB90094F10E /* MuseoSans-700Italic.otf in Resources */,
				CAA008FB1B8C1CB90094F10E /* MuseoSans-300Italic.otf in Resources */,
			);
			runOnlyForDeploymentPostprocessing = 0;
		};
		CAA008D71B8C1B160094F10E /* Resources */ = {
			isa = PBXResourcesBuildPhase;
			buildActionMask = 2147483647;
			files = (
			);
			runOnlyForDeploymentPostprocessing = 0;
		};
/* End PBXResourcesBuildPhase section */

/* Begin PBXShellScriptBuildPhase section */
		663317D4EB2AB838D0690DB4 /* Embed Pods Frameworks */ = {
			isa = PBXShellScriptBuildPhase;
			buildActionMask = 2147483647;
			files = (
			);
			inputPaths = (
			);
			name = "Embed Pods Frameworks";
			outputPaths = (
			);
			runOnlyForDeploymentPostprocessing = 0;
			shellPath = /bin/sh;
			shellScript = "\"${SRCROOT}/Pods/Target Support Files/Pods-BeautyFinder/Pods-BeautyFinder-frameworks.sh\"\n";
			showEnvVarsInLog = 0;
		};
		7CC4E913E004051A52A7B885 /* Check Pods Manifest.lock */ = {
			isa = PBXShellScriptBuildPhase;
			buildActionMask = 2147483647;
			files = (
			);
			inputPaths = (
			);
			name = "Check Pods Manifest.lock";
			outputPaths = (
			);
			runOnlyForDeploymentPostprocessing = 0;
			shellPath = /bin/sh;
			shellScript = "diff \"${PODS_ROOT}/../Podfile.lock\" \"${PODS_ROOT}/Manifest.lock\" > /dev/null\nif [[ $? != 0 ]] ; then\n    cat << EOM\nerror: The sandbox is not in sync with the Podfile.lock. Run 'pod install' or update your CocoaPods installation.\nEOM\n    exit 1\nfi\n";
			showEnvVarsInLog = 0;
		};
		DD793E9D6E0E0338416B1E29 /* Copy Pods Resources */ = {
			isa = PBXShellScriptBuildPhase;
			buildActionMask = 2147483647;
			files = (
			);
			inputPaths = (
			);
			name = "Copy Pods Resources";
			outputPaths = (
			);
			runOnlyForDeploymentPostprocessing = 0;
			shellPath = /bin/sh;
			shellScript = "\"${SRCROOT}/Pods/Target Support Files/Pods-BeautyFinder/Pods-BeautyFinder-resources.sh\"\n";
			showEnvVarsInLog = 0;
		};
/* End PBXShellScriptBuildPhase section */

/* Begin PBXSourcesBuildPhase section */
		9F6561391C3F968900FBEE2F /* Sources */ = {
			isa = PBXSourcesBuildPhase;
			buildActionMask = 2147483647;
			files = (
				9F6561401C3F968900FBEE2F /* BeautyFinderUITests.swift in Sources */,
			);
			runOnlyForDeploymentPostprocessing = 0;
		};
		CAA008C01B8C1B150094F10E /* Sources */ = {
			isa = PBXSourcesBuildPhase;
			buildActionMask = 2147483647;
			files = (
				9F6CD0511BAC6C8700A0197D /* SearchViewController.swift in Sources */,
				9F27BAAD1B99BBFA00F5DF6A /* CategoriesHeaderCollectionReusableView.swift in Sources */,
				9F632C981BBDD24F00AF2732 /* UIImageView+URL.swift in Sources */,
				9F28F2E81BAC8EFF007F1396 /* AreaSearchViewController.swift in Sources */,
				9F3354A01BCD46DB00FA1A21 /* SalonViewController.swift in Sources */,
				9F632C961BBDC81C00AF2732 /* SwiftyJSON.swift in Sources */,
				9F6561491C44E24E00FBEE2F /* ProfileViewController.swift in Sources */,
				9F3354A21BCD4A5E00FA1A21 /* SalonServicesTableViewCell.swift in Sources */,
				CAA008CA1B8C1B160094F10E /* AppDelegate.swift in Sources */,
				9F6C3B501BE2AC1B0039F742 /* SalonBeauticiansContainerViewController.swift in Sources */,
				9F28F2E61BAC85BE007F1396 /* ADVSegmentedControl.swift in Sources */,
				9F28F2EA1BAC95F4007F1396 /* SalonSearchViewController.swift in Sources */,
				9F3973851BF68F90006C3748 /* SummaryViewController.swift in Sources */,
				9FFF96D31C174ECC004B8F48 /* CategorySearchViewController.swift in Sources */,
				9FFF96BC1C1092EF004B8F48 /* DateAndTimeConverter.swift in Sources */,
				9F9B99021BD12C0F00A78B4D /* SubcategoriesAnimationController.swift in Sources */,
				9F33549D1BCC54F100FA1A21 /* SignUpViewController.swift in Sources */,
				9F6C3B561BECEEF60039F742 /* SalonScheduleViewController.swift in Sources */,
				9F6C3B4E1BE2A28A0039F742 /* SalonServicesContainerViewController.swift in Sources */,
				9F6C3B521BEC32ED0039F742 /* CalendarViewController.swift in Sources */,
				9F6CD0531BAC759F00A0197D /* SearchTextField.swift in Sources */,
				9F3354971BCC3AC500FA1A21 /* LogInViewController.swift in Sources */,
				9F67FF351BBDE4AE00C47C45 /* SubcategoriesViewController.swift in Sources */,
				9F27BAAB1B99B93600F5DF6A /* CategoriesViewController.swift in Sources */,
				9F27BAAF1B9AB13900F5DF6A /* CategoriesCollectionViewCell.swift in Sources */,
				9F65614D1C46660900FBEE2F /* TabBarController.swift in Sources */,
				9F6C3B541BECE8FD0039F742 /* SalonScheduleTableViewCell.swift in Sources */,
				9F9B990A1BD12CB600A78B4D /* SalonViewAnimator.swift in Sources */,
			);
			runOnlyForDeploymentPostprocessing = 0;
		};
		CAA008D51B8C1B160094F10E /* Sources */ = {
			isa = PBXSourcesBuildPhase;
			buildActionMask = 2147483647;
			files = (
				CAA008E01B8C1B160094F10E /* BeautyFinderTests.swift in Sources */,
			);
			runOnlyForDeploymentPostprocessing = 0;
		};
/* End PBXSourcesBuildPhase section */

/* Begin PBXTargetDependency section */
		9F6561431C3F968900FBEE2F /* PBXTargetDependency */ = {
			isa = PBXTargetDependency;
			target = CAA008C31B8C1B150094F10E /* BeautyFinder */;
			targetProxy = 9F6561421C3F968900FBEE2F /* PBXContainerItemProxy */;
		};
		CAA008DB1B8C1B160094F10E /* PBXTargetDependency */ = {
			isa = PBXTargetDependency;
			target = CAA008C31B8C1B150094F10E /* BeautyFinder */;
			targetProxy = CAA008DA1B8C1B160094F10E /* PBXContainerItemProxy */;
		};
/* End PBXTargetDependency section */

/* Begin PBXVariantGroup section */
		CAA008CD1B8C1B160094F10E /* Main.storyboard */ = {
			isa = PBXVariantGroup;
			children = (
				CAA008CE1B8C1B160094F10E /* Base */,
			);
			name = Main.storyboard;
			sourceTree = "<group>";
		};
/* End PBXVariantGroup section */

/* Begin XCBuildConfiguration section */
		9F6561441C3F968900FBEE2F /* Debug */ = {
			isa = XCBuildConfiguration;
			buildSettings = {
				DEBUG_INFORMATION_FORMAT = dwarf;
				INFOPLIST_FILE = BeautyFinderUITests/Info.plist;
				IPHONEOS_DEPLOYMENT_TARGET = 9.2;
				LD_RUNPATH_SEARCH_PATHS = "$(inherited) @executable_path/Frameworks @loader_path/Frameworks";
				PRODUCT_BUNDLE_IDENTIFIER = com.Baims.BeautyFinderUITests;
				PRODUCT_NAME = "$(TARGET_NAME)";
				TEST_TARGET_NAME = BeautyFinder;
				USES_XCTRUNNER = YES;
			};
			name = Debug;
		};
		9F6561451C3F968900FBEE2F /* Release */ = {
			isa = XCBuildConfiguration;
			buildSettings = {
				INFOPLIST_FILE = BeautyFinderUITests/Info.plist;
				IPHONEOS_DEPLOYMENT_TARGET = 9.2;
				LD_RUNPATH_SEARCH_PATHS = "$(inherited) @executable_path/Frameworks @loader_path/Frameworks";
				PRODUCT_BUNDLE_IDENTIFIER = com.Baims.BeautyFinderUITests;
				PRODUCT_NAME = "$(TARGET_NAME)";
				TEST_TARGET_NAME = BeautyFinder;
				USES_XCTRUNNER = YES;
			};
			name = Release;
		};
		CAA008E11B8C1B160094F10E /* Debug */ = {
			isa = XCBuildConfiguration;
			buildSettings = {
				ALWAYS_SEARCH_USER_PATHS = NO;
				CLANG_CXX_LANGUAGE_STANDARD = "gnu++0x";
				CLANG_CXX_LIBRARY = "libc++";
				CLANG_ENABLE_MODULES = YES;
				CLANG_ENABLE_OBJC_ARC = YES;
				CLANG_WARN_BOOL_CONVERSION = YES;
				CLANG_WARN_CONSTANT_CONVERSION = YES;
				CLANG_WARN_DIRECT_OBJC_ISA_USAGE = YES_ERROR;
				CLANG_WARN_EMPTY_BODY = YES;
				CLANG_WARN_ENUM_CONVERSION = YES;
				CLANG_WARN_INT_CONVERSION = YES;
				CLANG_WARN_OBJC_ROOT_CLASS = YES_ERROR;
				CLANG_WARN_UNREACHABLE_CODE = YES;
				CLANG_WARN__DUPLICATE_METHOD_MATCH = YES;
				"CODE_SIGN_IDENTITY[sdk=iphoneos*]" = "iPhone Developer";
				COPY_PHASE_STRIP = NO;
				DEBUG_INFORMATION_FORMAT = "dwarf-with-dsym";
				ENABLE_STRICT_OBJC_MSGSEND = YES;
				ENABLE_TESTABILITY = YES;
				GCC_C_LANGUAGE_STANDARD = gnu99;
				GCC_DYNAMIC_NO_PIC = NO;
				GCC_NO_COMMON_BLOCKS = YES;
				GCC_OPTIMIZATION_LEVEL = 0;
				GCC_PREPROCESSOR_DEFINITIONS = (
					"DEBUG=1",
					"$(inherited)",
				);
				GCC_SYMBOLS_PRIVATE_EXTERN = NO;
				GCC_WARN_64_TO_32_BIT_CONVERSION = YES;
				GCC_WARN_ABOUT_RETURN_TYPE = YES_ERROR;
				GCC_WARN_UNDECLARED_SELECTOR = YES;
				GCC_WARN_UNINITIALIZED_AUTOS = YES_AGGRESSIVE;
				GCC_WARN_UNUSED_FUNCTION = YES;
				GCC_WARN_UNUSED_VARIABLE = YES;
				IPHONEOS_DEPLOYMENT_TARGET = 8.3;
				MTL_ENABLE_DEBUG_INFO = YES;
				ONLY_ACTIVE_ARCH = YES;
				SDKROOT = iphoneos;
				SWIFT_OPTIMIZATION_LEVEL = "-Onone";
			};
			name = Debug;
		};
		CAA008E21B8C1B160094F10E /* Release */ = {
			isa = XCBuildConfiguration;
			buildSettings = {
				ALWAYS_SEARCH_USER_PATHS = NO;
				CLANG_CXX_LANGUAGE_STANDARD = "gnu++0x";
				CLANG_CXX_LIBRARY = "libc++";
				CLANG_ENABLE_MODULES = YES;
				CLANG_ENABLE_OBJC_ARC = YES;
				CLANG_WARN_BOOL_CONVERSION = YES;
				CLANG_WARN_CONSTANT_CONVERSION = YES;
				CLANG_WARN_DIRECT_OBJC_ISA_USAGE = YES_ERROR;
				CLANG_WARN_EMPTY_BODY = YES;
				CLANG_WARN_ENUM_CONVERSION = YES;
				CLANG_WARN_INT_CONVERSION = YES;
				CLANG_WARN_OBJC_ROOT_CLASS = YES_ERROR;
				CLANG_WARN_UNREACHABLE_CODE = YES;
				CLANG_WARN__DUPLICATE_METHOD_MATCH = YES;
				"CODE_SIGN_IDENTITY[sdk=iphoneos*]" = "iPhone Developer";
				COPY_PHASE_STRIP = NO;
				DEBUG_INFORMATION_FORMAT = "dwarf-with-dsym";
				ENABLE_NS_ASSERTIONS = NO;
				ENABLE_STRICT_OBJC_MSGSEND = YES;
				GCC_C_LANGUAGE_STANDARD = gnu99;
				GCC_NO_COMMON_BLOCKS = YES;
				GCC_WARN_64_TO_32_BIT_CONVERSION = YES;
				GCC_WARN_ABOUT_RETURN_TYPE = YES_ERROR;
				GCC_WARN_UNDECLARED_SELECTOR = YES;
				GCC_WARN_UNINITIALIZED_AUTOS = YES_AGGRESSIVE;
				GCC_WARN_UNUSED_FUNCTION = YES;
				GCC_WARN_UNUSED_VARIABLE = YES;
				IPHONEOS_DEPLOYMENT_TARGET = 8.3;
				MTL_ENABLE_DEBUG_INFO = NO;
				SDKROOT = iphoneos;
				VALIDATE_PRODUCT = YES;
			};
			name = Release;
		};
		CAA008E41B8C1B160094F10E /* Debug */ = {
			isa = XCBuildConfiguration;
			baseConfigurationReference = E9008E37EB0A90C44665CFCD /* Pods-BeautyFinder.debug.xcconfig */;
			buildSettings = {
				ASSETCATALOG_COMPILER_APPICON_NAME = AppIcon;
				ASSETCATALOG_COMPILER_LAUNCHIMAGE_NAME = LaunchImage;
				CODE_SIGN_IDENTITY = "iPhone Developer";
				"CODE_SIGN_IDENTITY[sdk=iphoneos*]" = "iPhone Developer";
				EMBEDDED_CONTENT_CONTAINS_SWIFT = YES;
				INFOPLIST_FILE = BeautyFinder/Info.plist;
				IPHONEOS_DEPLOYMENT_TARGET = 9.0;
				LD_RUNPATH_SEARCH_PATHS = "$(inherited) @executable_path/Frameworks";
				OTHER_SWIFT_FLAGS = "$(inherited) \"-D\" \"COCOAPODS\"";
				PRODUCT_BUNDLE_IDENTIFIER = com.Baims.BeautyFinder;
				PRODUCT_NAME = "$(TARGET_NAME)";
				PROVISIONING_PROFILE = "";
			};
			name = Debug;
		};
		CAA008E51B8C1B160094F10E /* Release */ = {
			isa = XCBuildConfiguration;
			baseConfigurationReference = 7E1C07455FAF7F95E27DC511 /* Pods-BeautyFinder.release.xcconfig */;
			buildSettings = {
				ASSETCATALOG_COMPILER_APPICON_NAME = AppIcon;
				ASSETCATALOG_COMPILER_LAUNCHIMAGE_NAME = LaunchImage;
				CODE_SIGN_IDENTITY = "iPhone Developer";
				"CODE_SIGN_IDENTITY[sdk=iphoneos*]" = "iPhone Developer";
				EMBEDDED_CONTENT_CONTAINS_SWIFT = YES;
				INFOPLIST_FILE = BeautyFinder/Info.plist;
				IPHONEOS_DEPLOYMENT_TARGET = 9.0;
				LD_RUNPATH_SEARCH_PATHS = "$(inherited) @executable_path/Frameworks";
				OTHER_SWIFT_FLAGS = "$(inherited) \"-D\" \"COCOAPODS\"";
				PRODUCT_BUNDLE_IDENTIFIER = com.Baims.BeautyFinder;
				PRODUCT_NAME = "$(TARGET_NAME)";
				PROVISIONING_PROFILE = "";
			};
			name = Release;
		};
		CAA008E71B8C1B160094F10E /* Debug */ = {
			isa = XCBuildConfiguration;
			buildSettings = {
				BUNDLE_LOADER = "$(TEST_HOST)";
				FRAMEWORK_SEARCH_PATHS = (
					"$(SDKROOT)/Developer/Library/Frameworks",
					"$(inherited)",
				);
				GCC_PREPROCESSOR_DEFINITIONS = (
					"DEBUG=1",
					"$(inherited)",
				);
				INFOPLIST_FILE = BeautyFinderTests/Info.plist;
				LD_RUNPATH_SEARCH_PATHS = "$(inherited) @executable_path/Frameworks @loader_path/Frameworks";
				PRODUCT_BUNDLE_IDENTIFIER = "Baims.$(PRODUCT_NAME:rfc1034identifier)";
				PRODUCT_NAME = "$(TARGET_NAME)";
				TEST_HOST = "$(BUILT_PRODUCTS_DIR)/BeautyFinder.app/BeautyFinder";
			};
			name = Debug;
		};
		CAA008E81B8C1B160094F10E /* Release */ = {
			isa = XCBuildConfiguration;
			buildSettings = {
				BUNDLE_LOADER = "$(TEST_HOST)";
				FRAMEWORK_SEARCH_PATHS = (
					"$(SDKROOT)/Developer/Library/Frameworks",
					"$(inherited)",
				);
				INFOPLIST_FILE = BeautyFinderTests/Info.plist;
				LD_RUNPATH_SEARCH_PATHS = "$(inherited) @executable_path/Frameworks @loader_path/Frameworks";
				PRODUCT_BUNDLE_IDENTIFIER = "Baims.$(PRODUCT_NAME:rfc1034identifier)";
				PRODUCT_NAME = "$(TARGET_NAME)";
				TEST_HOST = "$(BUILT_PRODUCTS_DIR)/BeautyFinder.app/BeautyFinder";
			};
			name = Release;
		};
/* End XCBuildConfiguration section */

/* Begin XCConfigurationList section */
		9F6561461C3F968900FBEE2F /* Build configuration list for PBXNativeTarget "BeautyFinderUITests" */ = {
			isa = XCConfigurationList;
			buildConfigurations = (
				9F6561441C3F968900FBEE2F /* Debug */,
				9F6561451C3F968900FBEE2F /* Release */,
			);
			defaultConfigurationIsVisible = 0;
			defaultConfigurationName = Release;
		};
		CAA008BF1B8C1B150094F10E /* Build configuration list for PBXProject "BeautyFinder" */ = {
			isa = XCConfigurationList;
			buildConfigurations = (
				CAA008E11B8C1B160094F10E /* Debug */,
				CAA008E21B8C1B160094F10E /* Release */,
			);
			defaultConfigurationIsVisible = 0;
			defaultConfigurationName = Release;
		};
		CAA008E31B8C1B160094F10E /* Build configuration list for PBXNativeTarget "BeautyFinder" */ = {
			isa = XCConfigurationList;
			buildConfigurations = (
				CAA008E41B8C1B160094F10E /* Debug */,
				CAA008E51B8C1B160094F10E /* Release */,
			);
			defaultConfigurationIsVisible = 0;
			defaultConfigurationName = Release;
		};
		CAA008E61B8C1B160094F10E /* Build configuration list for PBXNativeTarget "BeautyFinderTests" */ = {
			isa = XCConfigurationList;
			buildConfigurations = (
				CAA008E71B8C1B160094F10E /* Debug */,
				CAA008E81B8C1B160094F10E /* Release */,
			);
			defaultConfigurationIsVisible = 0;
			defaultConfigurationName = Release;
		};
/* End XCConfigurationList section */
	};
	rootObject = CAA008BC1B8C1B150094F10E /* Project object */;
}
